{
  "requires": true,
  "lockfileVersion": 1,
  "dependencies": {
    "react-with-firebase-auth": {
      "version": "1.2.0",
      "resolved": "https://registry.npmjs.org/react-with-firebase-auth/-/react-with-firebase-auth-1.2.0.tgz",
      "integrity": "sha512-wLJP7sM2WmUBvHcuP2EBgcNbSuPPZCkeAW9EQ/Q5DV6cmM2wqyEu92zKmWR9sBJ/Y64C+X0XThB8F4NBDLnHNg=="
    }
  }
}
